
Microsoft Visual Studio Solution File, Format Version 12.00
# Visual Studio 15
VisualStudioVersion = 15.0.27130.2027
MinimumVisualStudioVersion = 10.0.40219.1
Project("{FAE04EC0-301F-11D3-BF4B-00C04F79EFBC}") = "HelloWPF", "HelloWPF\HelloWPF.csproj", "{59C23E70-156B-48F8-AD75-1FC4834B2D32}"
EndProject
Project("{FAE04EC0-301F-11D3-BF4B-00C04F79EFBC}") = "BasicControls", "BasicControls\BasicControls.csproj", "{3E96D737-D49C-41C3-8DB3-6CF20EFE0472}"
EndProject
Project("{FAE04EC0-301F-11D3-BF4B-00C04F79EFBC}") = "BindingExample", "BindingExample\BindingExample.csproj", "{E923F857-0A59-473E-B9BF-40089B43CE63}"
EndProject
Project("{FAE04EC0-301F-11D3-BF4B-00C04F79EFBC}") = "EventExample1", "EventExample1\EventExample1.csproj", "{9ABE4817-93CD-4400-9029-DFD37E25B23E}"
EndProject
Project("{FAE04EC0-301F-11D3-BF4B-00C04F79EFBC}") = "DemoBasicControls", "DemoBasicControls\DemoBasicControls.csproj", "{8C335768-3030-41B2-81AA-B785B69CA393}"
EndProject
Project("{FAE04EC0-301F-11D3-BF4B-00C04F79EFBC}") = "DemoDataBinding", "DemoDataBinding\DemoDataBinding.csproj", "{5D446631-77DE-42B6-B0B0-64E284DBD089}"
EndProject
Project("{FAE04EC0-301F-11D3-BF4B-00C04F79EFBC}") = "DemoDatabaseWPF", "DemoDatabaseWPF\DemoDatabaseWPF.csproj", "{3A0084CE-6D34-4BCD-9126-C7D279FB5CBA}"
EndProject
Project("{FAE04EC0-301F-11D3-BF4B-00C04F79EFBC}") = "MenuExample", "MenuExample\MenuExample.csproj", "{01D7D23E-AA1A-455D-BACE-6BEC1FE614E1}"
EndProject
Project("{FAE04EC0-301F-11D3-BF4B-00C04F79EFBC}") = "LayoutSampleDemo", "LayoutSampleDemo\LayoutSampleDemo.csproj", "{E4C5A4C5-CD6C-4165-989D-445E9B857593}"
EndProject
Project("{FAE04EC0-301F-11D3-BF4B-00C04F79EFBC}") = "HelloWCF", "HelloWCF\HelloWCF.csproj", "{00A8F958-D765-419F-9F51-CC0CF2ABF5FE}"
EndProject
Project("{FAE04EC0-301F-11D3-BF4B-00C04F79EFBC}") = "ProductService", "ProductService\ProductService.csproj", "{65A9F657-D7DE-4E0B-8F7F-53D859040B70}"
EndProject
Project("{E24C65DC-7377-472B-9ABA-BC803B73C61A}") = "WCFProductService", "WCFProductService\", "{8FD2E079-609D-4762-9D33-9BF32C8E627E}"
	ProjectSection(WebsiteProperties) = preProject
		TargetFrameworkMoniker = ".NETFramework,Version%3Dv4.6.1"
		Debug.AspNetCompiler.VirtualPath = "/localhost_60687"
		Debug.AspNetCompiler.PhysicalPath = "WCFProductService\"
		Debug.AspNetCompiler.TargetPath = "PrecompiledWeb\localhost_60687\"
		Debug.AspNetCompiler.Updateable = "true"
		Debug.AspNetCompiler.ForceOverwrite = "true"
		Debug.AspNetCompiler.FixedNames = "false"
		Debug.AspNetCompiler.Debug = "True"
		Release.AspNetCompiler.VirtualPath = "/localhost_60687"
		Release.AspNetCompiler.PhysicalPath = "WCFProductService\"
		Release.AspNetCompiler.TargetPath = "PrecompiledWeb\localhost_60687\"
		Release.AspNetCompiler.Updateable = "true"
		Release.AspNetCompiler.ForceOverwrite = "true"
		Release.AspNetCompiler.FixedNames = "false"
		Release.AspNetCompiler.Debug = "False"
		VWDPort = "60687"
		SlnRelativePath = "WCFProductService\"
		DefaultWebSiteLanguage = "Visual C#"
	EndProjectSection
EndProject
Project("{FAE04EC0-301F-11D3-BF4B-00C04F79EFBC}") = "DemoUserControls", "DemoUserControls\DemoUserControls.csproj", "{6D415322-FC81-4FFF-B341-4C44AA339B83}"
EndProject
Project("{FAE04EC0-301F-11D3-BF4B-00C04F79EFBC}") = "DemoTreeControl", "DemoTreeControl\DemoTreeControl.csproj", "{293C91AA-1258-4F64-94A5-559527EE2531}"
EndProject
Project("{FAE04EC0-301F-11D3-BF4B-00C04F79EFBC}") = "DemoTreeControl2", "DemoTreeControl2\DemoTreeControl2.csproj", "{4E28A1CD-BE5E-4C6D-A1ED-B81FCB5194AB}"
EndProject
Project("{8BC9CEB8-8B4A-11D0-8D11-00A0C91BC942}") = "HelloWorldMFC", "HelloWorldMFC\HelloWorldMFC.vcxproj", "{3F7F2787-4E64-4D3D-A392-A53A5CB2CB2F}"
EndProject
Project("{FAE04EC0-301F-11D3-BF4B-00C04F79EFBC}") = "wpfclock", "wpfclock\wpfclock.csproj", "{7289753F-C0EF-4C91-82DA-D53F75222152}"
EndProject
Global
	GlobalSection(SolutionConfigurationPlatforms) = preSolution
		Debug|Any CPU = Debug|Any CPU
		Debug|x64 = Debug|x64
		Debug|x86 = Debug|x86
		Release|Any CPU = Release|Any CPU
		Release|x64 = Release|x64
		Release|x86 = Release|x86
	EndGlobalSection
	GlobalSection(ProjectConfigurationPlatforms) = postSolution
		{59C23E70-156B-48F8-AD75-1FC4834B2D32}.Debug|Any CPU.ActiveCfg = Debug|Any CPU
		{59C23E70-156B-48F8-AD75-1FC4834B2D32}.Debug|Any CPU.Build.0 = Debug|Any CPU
		{59C23E70-156B-48F8-AD75-1FC4834B2D32}.Debug|x64.ActiveCfg = Debug|Any CPU
		{59C23E70-156B-48F8-AD75-1FC4834B2D32}.Debug|x64.Build.0 = Debug|Any CPU
		{59C23E70-156B-48F8-AD75-1FC4834B2D32}.Debug|x86.ActiveCfg = Debug|Any CPU
		{59C23E70-156B-48F8-AD75-1FC4834B2D32}.Debug|x86.Build.0 = Debug|Any CPU
		{59C23E70-156B-48F8-AD75-1FC4834B2D32}.Release|Any CPU.ActiveCfg = Release|Any CPU
		{59C23E70-156B-48F8-AD75-1FC4834B2D32}.Release|Any CPU.Build.0 = Release|Any CPU
		{59C23E70-156B-48F8-AD75-1FC4834B2D32}.Release|x64.ActiveCfg = Release|Any CPU
		{59C23E70-156B-48F8-AD75-1FC4834B2D32}.Release|x64.Build.0 = Release|Any CPU
		{59C23E70-156B-48F8-AD75-1FC4834B2D32}.Release|x86.ActiveCfg = Release|Any CPU
		{59C23E70-156B-48F8-AD75-1FC4834B2D32}.Release|x86.Build.0 = Release|Any CPU
		{3E96D737-D49C-41C3-8DB3-6CF20EFE0472}.Debug|Any CPU.ActiveCfg = Debug|Any CPU
		{3E96D737-D49C-41C3-8DB3-6CF20EFE0472}.Debug|Any CPU.Build.0 = Debug|Any CPU
		{3E96D737-D49C-41C3-8DB3-6CF20EFE0472}.Debug|x64.ActiveCfg = Debug|Any CPU
		{3E96D737-D49C-41C3-8DB3-6CF20EFE0472}.Debug|x64.Build.0 = Debug|Any CPU
		{3E96D737-D49C-41C3-8DB3-6CF20EFE0472}.Debug|x86.ActiveCfg = Debug|Any CPU
		{3E96D737-D49C-41C3-8DB3-6CF20EFE0472}.Debug|x86.Build.0 = Debug|Any CPU
		{3E96D737-D49C-41C3-8DB3-6CF20EFE0472}.Release|Any CPU.ActiveCfg = Release|Any CPU
		{3E96D737-D49C-41C3-8DB3-6CF20EFE0472}.Release|Any CPU.Build.0 = Release|Any CPU
		{3E96D737-D49C-41C3-8DB3-6CF20EFE0472}.Release|x64.ActiveCfg = Release|Any CPU
		{3E96D737-D49C-41C3-8DB3-6CF20EFE0472}.Release|x64.Build.0 = Release|Any CPU
		{3E96D737-D49C-41C3-8DB3-6CF20EFE0472}.Release|x86.ActiveCfg = Release|Any CPU
		{3E96D737-D49C-41C3-8DB3-6CF20EFE0472}.Release|x86.Build.0 = Release|Any CPU
		{E923F857-0A59-473E-B9BF-40089B43CE63}.Debug|Any CPU.ActiveCfg = Debug|Any CPU
		{E923F857-0A59-473E-B9BF-40089B43CE63}.Debug|Any CPU.Build.0 = Debug|Any CPU
		{E923F857-0A59-473E-B9BF-40089B43CE63}.Debug|x64.ActiveCfg = Debug|Any CPU
		{E923F857-0A59-473E-B9BF-40089B43CE63}.Debug|x64.Build.0 = Debug|Any CPU
		{E923F857-0A59-473E-B9BF-40089B43CE63}.Debug|x86.ActiveCfg = Debug|Any CPU
		{E923F857-0A59-473E-B9BF-40089B43CE63}.Debug|x86.Build.0 = Debug|Any CPU
		{E923F857-0A59-473E-B9BF-40089B43CE63}.Release|Any CPU.ActiveCfg = Release|Any CPU
		{E923F857-0A59-473E-B9BF-40089B43CE63}.Release|Any CPU.Build.0 = Release|Any CPU
		{E923F857-0A59-473E-B9BF-40089B43CE63}.Release|x64.ActiveCfg = Release|Any CPU
		{E923F857-0A59-473E-B9BF-40089B43CE63}.Release|x64.Build.0 = Release|Any CPU
		{E923F857-0A59-473E-B9BF-40089B43CE63}.Release|x86.ActiveCfg = Release|Any CPU
		{E923F857-0A59-473E-B9BF-40089B43CE63}.Release|x86.Build.0 = Release|Any CPU
		{9ABE4817-93CD-4400-9029-DFD37E25B23E}.Debug|Any CPU.ActiveCfg = Debug|Any CPU
		{9ABE4817-93CD-4400-9029-DFD37E25B23E}.Debug|Any CPU.Build.0 = Debug|Any CPU
		{9ABE4817-93CD-4400-9029-DFD37E25B23E}.Debug|x64.ActiveCfg = Debug|Any CPU
		{9ABE4817-93CD-4400-9029-DFD37E25B23E}.Debug|x64.Build.0 = Debug|Any CPU
		{9ABE4817-93CD-4400-9029-DFD37E25B23E}.Debug|x86.ActiveCfg = Debug|Any CPU
		{9ABE4817-93CD-4400-9029-DFD37E25B23E}.Debug|x86.Build.0 = Debug|Any CPU
		{9ABE4817-93CD-4400-9029-DFD37E25B23E}.Release|Any CPU.ActiveCfg = Release|Any CPU
		{9ABE4817-93CD-4400-9029-DFD37E25B23E}.Release|Any CPU.Build.0 = Release|Any CPU
		{9ABE4817-93CD-4400-9029-DFD37E25B23E}.Release|x64.ActiveCfg = Release|Any CPU
		{9ABE4817-93CD-4400-9029-DFD37E25B23E}.Release|x64.Build.0 = Release|Any CPU
		{9ABE4817-93CD-4400-9029-DFD37E25B23E}.Release|x86.ActiveCfg = Release|Any CPU
		{9ABE4817-93CD-4400-9029-DFD37E25B23E}.Release|x86.Build.0 = Release|Any CPU
		{8C335768-3030-41B2-81AA-B785B69CA393}.Debug|Any CPU.ActiveCfg = Debug|Any CPU
		{8C335768-3030-41B2-81AA-B785B69CA393}.Debug|Any CPU.Build.0 = Debug|Any CPU
		{8C335768-3030-41B2-81AA-B785B69CA393}.Debug|x64.ActiveCfg = Debug|Any CPU
		{8C335768-3030-41B2-81AA-B785B69CA393}.Debug|x64.Build.0 = Debug|Any CPU
		{8C335768-3030-41B2-81AA-B785B69CA393}.Debug|x86.ActiveCfg = Debug|Any CPU
		{8C335768-3030-41B2-81AA-B785B69CA393}.Debug|x86.Build.0 = Debug|Any CPU
		{8C335768-3030-41B2-81AA-B785B69CA393}.Release|Any CPU.ActiveCfg = Release|Any CPU
		{8C335768-3030-41B2-81AA-B785B69CA393}.Release|Any CPU.Build.0 = Release|Any CPU
		{8C335768-3030-41B2-81AA-B785B69CA393}.Release|x64.ActiveCfg = Release|Any CPU
		{8C335768-3030-41B2-81AA-B785B69CA393}.Release|x64.Build.0 = Release|Any CPU
		{8C335768-3030-41B2-81AA-B785B69CA393}.Release|x86.ActiveCfg = Release|Any CPU
		{8C335768-3030-41B2-81AA-B785B69CA393}.Release|x86.Build.0 = Release|Any CPU
		{5D446631-77DE-42B6-B0B0-64E284DBD089}.Debug|Any CPU.ActiveCfg = Debug|Any CPU
		{5D446631-77DE-42B6-B0B0-64E284DBD089}.Debug|Any CPU.Build.0 = Debug|Any CPU
		{5D446631-77DE-42B6-B0B0-64E284DBD089}.Debug|x64.ActiveCfg = Debug|Any CPU
		{5D446631-77DE-42B6-B0B0-64E284DBD089}.Debug|x64.Build.0 = Debug|Any CPU
		{5D446631-77DE-42B6-B0B0-64E284DBD089}.Debug|x86.ActiveCfg = Debug|Any CPU
		{5D446631-77DE-42B6-B0B0-64E284DBD089}.Debug|x86.Build.0 = Debug|Any CPU
		{5D446631-77DE-42B6-B0B0-64E284DBD089}.Release|Any CPU.ActiveCfg = Release|Any CPU
		{5D446631-77DE-42B6-B0B0-64E284DBD089}.Release|Any CPU.Build.0 = Release|Any CPU
		{5D446631-77DE-42B6-B0B0-64E284DBD089}.Release|x64.ActiveCfg = Release|Any CPU
		{5D446631-77DE-42B6-B0B0-64E284DBD089}.Release|x64.Build.0 = Release|Any CPU
		{5D446631-77DE-42B6-B0B0-64E284DBD089}.Release|x86.ActiveCfg = Release|Any CPU
		{5D446631-77DE-42B6-B0B0-64E284DBD089}.Release|x86.Build.0 = Release|Any CPU
		{3A0084CE-6D34-4BCD-9126-C7D279FB5CBA}.Debug|Any CPU.ActiveCfg = Debug|Any CPU
		{3A0084CE-6D34-4BCD-9126-C7D279FB5CBA}.Debug|Any CPU.Build.0 = Debug|Any CPU
		{3A0084CE-6D34-4BCD-9126-C7D279FB5CBA}.Debug|x64.ActiveCfg = Debug|x64
		{3A0084CE-6D34-4BCD-9126-C7D279FB5CBA}.Debug|x64.Build.0 = Debug|x64
		{3A0084CE-6D34-4BCD-9126-C7D279FB5CBA}.Debug|x86.ActiveCfg = Debug|Any CPU
		{3A0084CE-6D34-4BCD-9126-C7D279FB5CBA}.Debug|x86.Build.0 = Debug|Any CPU
		{3A0084CE-6D34-4BCD-9126-C7D279FB5CBA}.Release|Any CPU.ActiveCfg = Release|Any CPU
		{3A0084CE-6D34-4BCD-9126-C7D279FB5CBA}.Release|Any CPU.Build.0 = Release|Any CPU
		{3A0084CE-6D34-4BCD-9126-C7D279FB5CBA}.Release|x64.ActiveCfg = Release|x64
		{3A0084CE-6D34-4BCD-9126-C7D279FB5CBA}.Release|x64.Build.0 = Release|x64
		{3A0084CE-6D34-4BCD-9126-C7D279FB5CBA}.Release|x86.ActiveCfg = Release|Any CPU
		{3A0084CE-6D34-4BCD-9126-C7D279FB5CBA}.Release|x86.Build.0 = Release|Any CPU
		{01D7D23E-AA1A-455D-BACE-6BEC1FE614E1}.Debug|Any CPU.ActiveCfg = Debug|Any CPU
		{01D7D23E-AA1A-455D-BACE-6BEC1FE614E1}.Debug|Any CPU.Build.0 = Debug|Any CPU
		{01D7D23E-AA1A-455D-BACE-6BEC1FE614E1}.Debug|x64.ActiveCfg = Debug|Any CPU
		{01D7D23E-AA1A-455D-BACE-6BEC1FE614E1}.Debug|x64.Build.0 = Debug|Any CPU
		{01D7D23E-AA1A-455D-BACE-6BEC1FE614E1}.Debug|x86.ActiveCfg = Debug|Any CPU
		{01D7D23E-AA1A-455D-BACE-6BEC1FE614E1}.Debug|x86.Build.0 = Debug|Any CPU
		{01D7D23E-AA1A-455D-BACE-6BEC1FE614E1}.Release|Any CPU.ActiveCfg = Release|Any CPU
		{01D7D23E-AA1A-455D-BACE-6BEC1FE614E1}.Release|Any CPU.Build.0 = Release|Any CPU
		{01D7D23E-AA1A-455D-BACE-6BEC1FE614E1}.Release|x64.ActiveCfg = Release|Any CPU
		{01D7D23E-AA1A-455D-BACE-6BEC1FE614E1}.Release|x64.Build.0 = Release|Any CPU
		{01D7D23E-AA1A-455D-BACE-6BEC1FE614E1}.Release|x86.ActiveCfg = Release|Any CPU
		{01D7D23E-AA1A-455D-BACE-6BEC1FE614E1}.Release|x86.Build.0 = Release|Any CPU
		{E4C5A4C5-CD6C-4165-989D-445E9B857593}.Debug|Any CPU.ActiveCfg = Debug|Any CPU
		{E4C5A4C5-CD6C-4165-989D-445E9B857593}.Debug|Any CPU.Build.0 = Debug|Any CPU
		{E4C5A4C5-CD6C-4165-989D-445E9B857593}.Debug|x64.ActiveCfg = Debug|Any CPU
		{E4C5A4C5-CD6C-4165-989D-445E9B857593}.Debug|x64.Build.0 = Debug|Any CPU
		{E4C5A4C5-CD6C-4165-989D-445E9B857593}.Debug|x86.ActiveCfg = Debug|Any CPU
		{E4C5A4C5-CD6C-4165-989D-445E9B857593}.Debug|x86.Build.0 = Debug|Any CPU
		{E4C5A4C5-CD6C-4165-989D-445E9B857593}.Release|Any CPU.ActiveCfg = Release|Any CPU
		{E4C5A4C5-CD6C-4165-989D-445E9B857593}.Release|Any CPU.Build.0 = Release|Any CPU
		{E4C5A4C5-CD6C-4165-989D-445E9B857593}.Release|x64.ActiveCfg = Release|Any CPU
		{E4C5A4C5-CD6C-4165-989D-445E9B857593}.Release|x64.Build.0 = Release|Any CPU
		{E4C5A4C5-CD6C-4165-989D-445E9B857593}.Release|x86.ActiveCfg = Release|Any CPU
		{E4C5A4C5-CD6C-4165-989D-445E9B857593}.Release|x86.Build.0 = Release|Any CPU
		{00A8F958-D765-419F-9F51-CC0CF2ABF5FE}.Debug|Any CPU.ActiveCfg = Debug|Any CPU
		{00A8F958-D765-419F-9F51-CC0CF2ABF5FE}.Debug|Any CPU.Build.0 = Debug|Any CPU
		{00A8F958-D765-419F-9F51-CC0CF2ABF5FE}.Debug|x64.ActiveCfg = Debug|Any CPU
		{00A8F958-D765-419F-9F51-CC0CF2ABF5FE}.Debug|x64.Build.0 = Debug|Any CPU
		{00A8F958-D765-419F-9F51-CC0CF2ABF5FE}.Debug|x86.ActiveCfg = Debug|Any CPU
		{00A8F958-D765-419F-9F51-CC0CF2ABF5FE}.Debug|x86.Build.0 = Debug|Any CPU
		{00A8F958-D765-419F-9F51-CC0CF2ABF5FE}.Release|Any CPU.ActiveCfg = Release|Any CPU
		{00A8F958-D765-419F-9F51-CC0CF2ABF5FE}.Release|Any CPU.Build.0 = Release|Any CPU
		{00A8F958-D765-419F-9F51-CC0CF2ABF5FE}.Release|x64.ActiveCfg = Release|Any CPU
		{00A8F958-D765-419F-9F51-CC0CF2ABF5FE}.Release|x64.Build.0 = Release|Any CPU
		{00A8F958-D765-419F-9F51-CC0CF2ABF5FE}.Release|x86.ActiveCfg = Release|Any CPU
		{00A8F958-D765-419F-9F51-CC0CF2ABF5FE}.Release|x86.Build.0 = Release|Any CPU
		{65A9F657-D7DE-4E0B-8F7F-53D859040B70}.Debug|Any CPU.ActiveCfg = Debug|Any CPU
		{65A9F657-D7DE-4E0B-8F7F-53D859040B70}.Debug|Any CPU.Build.0 = Debug|Any CPU
		{65A9F657-D7DE-4E0B-8F7F-53D859040B70}.Debug|x64.ActiveCfg = Debug|Any CPU
		{65A9F657-D7DE-4E0B-8F7F-53D859040B70}.Debug|x64.Build.0 = Debug|Any CPU
		{65A9F657-D7DE-4E0B-8F7F-53D859040B70}.Debug|x86.ActiveCfg = Debug|Any CPU
		{65A9F657-D7DE-4E0B-8F7F-53D859040B70}.Debug|x86.Build.0 = Debug|Any CPU
		{65A9F657-D7DE-4E0B-8F7F-53D859040B70}.Release|Any CPU.ActiveCfg = Release|Any CPU
		{65A9F657-D7DE-4E0B-8F7F-53D859040B70}.Release|Any CPU.Build.0 = Release|Any CPU
		{65A9F657-D7DE-4E0B-8F7F-53D859040B70}.Release|x64.ActiveCfg = Release|Any CPU
		{65A9F657-D7DE-4E0B-8F7F-53D859040B70}.Release|x64.Build.0 = Release|Any CPU
		{65A9F657-D7DE-4E0B-8F7F-53D859040B70}.Release|x86.ActiveCfg = Release|Any CPU
		{65A9F657-D7DE-4E0B-8F7F-53D859040B70}.Release|x86.Build.0 = Release|Any CPU
		{8FD2E079-609D-4762-9D33-9BF32C8E627E}.Debug|Any CPU.ActiveCfg = Debug|Any CPU
		{8FD2E079-609D-4762-9D33-9BF32C8E627E}.Debug|Any CPU.Build.0 = Debug|Any CPU
		{8FD2E079-609D-4762-9D33-9BF32C8E627E}.Debug|x64.ActiveCfg = Debug|Any CPU
		{8FD2E079-609D-4762-9D33-9BF32C8E627E}.Debug|x64.Build.0 = Debug|Any CPU
		{8FD2E079-609D-4762-9D33-9BF32C8E627E}.Debug|x86.ActiveCfg = Debug|Any CPU
		{8FD2E079-609D-4762-9D33-9BF32C8E627E}.Debug|x86.Build.0 = Debug|Any CPU
		{8FD2E079-609D-4762-9D33-9BF32C8E627E}.Release|Any CPU.ActiveCfg = Debug|Any CPU
		{8FD2E079-609D-4762-9D33-9BF32C8E627E}.Release|Any CPU.Build.0 = Debug|Any CPU
		{8FD2E079-609D-4762-9D33-9BF32C8E627E}.Release|x64.ActiveCfg = Debug|Any CPU
		{8FD2E079-609D-4762-9D33-9BF32C8E627E}.Release|x64.Build.0 = Debug|Any CPU
		{8FD2E079-609D-4762-9D33-9BF32C8E627E}.Release|x86.ActiveCfg = Debug|Any CPU
		{8FD2E079-609D-4762-9D33-9BF32C8E627E}.Release|x86.Build.0 = Debug|Any CPU
		{6D415322-FC81-4FFF-B341-4C44AA339B83}.Debug|Any CPU.ActiveCfg = Debug|Any CPU
		{6D415322-FC81-4FFF-B341-4C44AA339B83}.Debug|Any CPU.Build.0 = Debug|Any CPU
		{6D415322-FC81-4FFF-B341-4C44AA339B83}.Debug|x64.ActiveCfg = Debug|Any CPU
		{6D415322-FC81-4FFF-B341-4C44AA339B83}.Debug|x64.Build.0 = Debug|Any CPU
		{6D415322-FC81-4FFF-B341-4C44AA339B83}.Debug|x86.ActiveCfg = Debug|Any CPU
		{6D415322-FC81-4FFF-B341-4C44AA339B83}.Debug|x86.Build.0 = Debug|Any CPU
		{6D415322-FC81-4FFF-B341-4C44AA339B83}.Release|Any CPU.ActiveCfg = Release|Any CPU
		{6D415322-FC81-4FFF-B341-4C44AA339B83}.Release|Any CPU.Build.0 = Release|Any CPU
		{6D415322-FC81-4FFF-B341-4C44AA339B83}.Release|x64.ActiveCfg = Release|Any CPU
		{6D415322-FC81-4FFF-B341-4C44AA339B83}.Release|x64.Build.0 = Release|Any CPU
		{6D415322-FC81-4FFF-B341-4C44AA339B83}.Release|x86.ActiveCfg = Release|Any CPU
		{6D415322-FC81-4FFF-B341-4C44AA339B83}.Release|x86.Build.0 = Release|Any CPU
		{293C91AA-1258-4F64-94A5-559527EE2531}.Debug|Any CPU.ActiveCfg = Debug|Any CPU
		{293C91AA-1258-4F64-94A5-559527EE2531}.Debug|Any CPU.Build.0 = Debug|Any CPU
		{293C91AA-1258-4F64-94A5-559527EE2531}.Debug|x64.ActiveCfg = Debug|Any CPU
		{293C91AA-1258-4F64-94A5-559527EE2531}.Debug|x64.Build.0 = Debug|Any CPU
		{293C91AA-1258-4F64-94A5-559527EE2531}.Debug|x86.ActiveCfg = Debug|Any CPU
		{293C91AA-1258-4F64-94A5-559527EE2531}.Debug|x86.Build.0 = Debug|Any CPU
		{293C91AA-1258-4F64-94A5-559527EE2531}.Release|Any CPU.ActiveCfg = Release|Any CPU
		{293C91AA-1258-4F64-94A5-559527EE2531}.Release|Any CPU.Build.0 = Release|Any CPU
		{293C91AA-1258-4F64-94A5-559527EE2531}.Release|x64.ActiveCfg = Release|Any CPU
		{293C91AA-1258-4F64-94A5-559527EE2531}.Release|x64.Build.0 = Release|Any CPU
		{293C91AA-1258-4F64-94A5-559527EE2531}.Release|x86.ActiveCfg = Release|Any CPU
		{293C91AA-1258-4F64-94A5-559527EE2531}.Release|x86.Build.0 = Release|Any CPU
		{4E28A1CD-BE5E-4C6D-A1ED-B81FCB5194AB}.Debug|Any CPU.ActiveCfg = Debug|Any CPU
		{4E28A1CD-BE5E-4C6D-A1ED-B81FCB5194AB}.Debug|Any CPU.Build.0 = Debug|Any CPU
		{4E28A1CD-BE5E-4C6D-A1ED-B81FCB5194AB}.Debug|x64.ActiveCfg = Debug|Any CPU
		{4E28A1CD-BE5E-4C6D-A1ED-B81FCB5194AB}.Debug|x64.Build.0 = Debug|Any CPU
		{4E28A1CD-BE5E-4C6D-A1ED-B81FCB5194AB}.Debug|x86.ActiveCfg = Debug|Any CPU
		{4E28A1CD-BE5E-4C6D-A1ED-B81FCB5194AB}.Debug|x86.Build.0 = Debug|Any CPU
		{4E28A1CD-BE5E-4C6D-A1ED-B81FCB5194AB}.Release|Any CPU.ActiveCfg = Release|Any CPU
		{4E28A1CD-BE5E-4C6D-A1ED-B81FCB5194AB}.Release|Any CPU.Build.0 = Release|Any CPU
		{4E28A1CD-BE5E-4C6D-A1ED-B81FCB5194AB}.Release|x64.ActiveCfg = Release|Any CPU
		{4E28A1CD-BE5E-4C6D-A1ED-B81FCB5194AB}.Release|x64.Build.0 = Release|Any CPU
		{4E28A1CD-BE5E-4C6D-A1ED-B81FCB5194AB}.Release|x86.ActiveCfg = Release|Any CPU
		{4E28A1CD-BE5E-4C6D-A1ED-B81FCB5194AB}.Release|x86.Build.0 = Release|Any CPU
		{3F7F2787-4E64-4D3D-A392-A53A5CB2CB2F}.Debug|Any CPU.ActiveCfg = Debug|Win32
		{3F7F2787-4E64-4D3D-A392-A53A5CB2CB2F}.Debug|x64.ActiveCfg = Debug|x64
		{3F7F2787-4E64-4D3D-A392-A53A5CB2CB2F}.Debug|x64.Build.0 = Debug|x64
		{3F7F2787-4E64-4D3D-A392-A53A5CB2CB2F}.Debug|x86.ActiveCfg = Debug|Win32
		{3F7F2787-4E64-4D3D-A392-A53A5CB2CB2F}.Debug|x86.Build.0 = Debug|Win32
		{3F7F2787-4E64-4D3D-A392-A53A5CB2CB2F}.Release|Any CPU.ActiveCfg = Release|Win32
		{3F7F2787-4E64-4D3D-A392-A53A5CB2CB2F}.Release|x64.ActiveCfg = Release|x64
		{3F7F2787-4E64-4D3D-A392-A53A5CB2CB2F}.Release|x64.Build.0 = Release|x64
		{3F7F2787-4E64-4D3D-A392-A53A5CB2CB2F}.Release|x86.ActiveCfg = Release|Win32
		{3F7F2787-4E64-4D3D-A392-A53A5CB2CB2F}.Release|x86.Build.0 = Release|Win32
		{7289753F-C0EF-4C91-82DA-D53F75222152}.Debug|Any CPU.ActiveCfg = Debug|Any CPU
		{7289753F-C0EF-4C91-82DA-D53F75222152}.Debug|Any CPU.Build.0 = Debug|Any CPU
		{7289753F-C0EF-4C91-82DA-D53F75222152}.Debug|x64.ActiveCfg = Debug|Any CPU
		{7289753F-C0EF-4C91-82DA-D53F75222152}.Debug|x64.Build.0 = Debug|Any CPU
		{7289753F-C0EF-4C91-82DA-D53F75222152}.Debug|x86.ActiveCfg = Debug|Any CPU
		{7289753F-C0EF-4C91-82DA-D53F75222152}.Debug|x86.Build.0 = Debug|Any CPU
		{7289753F-C0EF-4C91-82DA-D53F75222152}.Release|Any CPU.ActiveCfg = Debug|Any CPU
		{7289753F-C0EF-4C91-82DA-D53F75222152}.Release|Any CPU.Build.0 = Debug|Any CPU
		{7289753F-C0EF-4C91-82DA-D53F75222152}.Release|x64.ActiveCfg = Debug|Any CPU
		{7289753F-C0EF-4C91-82DA-D53F75222152}.Release|x64.Build.0 = Debug|Any CPU
		{7289753F-C0EF-4C91-82DA-D53F75222152}.Release|x86.ActiveCfg = Debug|Any CPU
		{7289753F-C0EF-4C91-82DA-D53F75222152}.Release|x86.Build.0 = Debug|Any CPU
	EndGlobalSection
	GlobalSection(SolutionProperties) = preSolution
		HideSolutionNode = FALSE
	EndGlobalSection
	GlobalSection(ExtensibilityGlobals) = postSolution
		SolutionGuid = {6C786186-619B-4FE6-8320-BFE8F37DBBD3}
	EndGlobalSection
EndGlobal
